
Microsoft Visual Studio Solution File, Format Version 12.00
# Visual Studio Version 16
VisualStudioVersion = 16.0.29609.76
MinimumVisualStudioVersion = 10.0.40219.1
Project("{FAE04EC0-301F-11D3-BF4B-00C04F79EFBC}") = "Postinger", "Postinger\Postinger.csproj", "{9DA0F5B8-22E6-4005-8FB3-979C8D2514B6}"
EndProject
Global
	GlobalSection(SolutionConfigurationPlatforms) = preSolution
		Debug|Any CPU = Debug|Any CPU
		Release|Any CPU = Release|Any CPU
	EndGlobalSection
	GlobalSection(ProjectConfigurationPlatforms) = postSolution
		{9DA0F5B8-22E6-4005-8FB3-979C8D2514B6}.Debug|Any CPU.ActiveCfg = Debug|Any CPU
		{9DA0F5B8-22E6-4005-8FB3-979C8D2514B6}.Debug|Any CPU.Build.0 = Debug|Any CPU
		{9DA0F5B8-22E6-4005-8FB3-979C8D2514B6}.Release|Any CPU.ActiveCfg = Release|Any CPU
		{9DA0F5B8-22E6-4005-8FB3-979C8D2514B6}.Release|Any CPU.Build.0 = Release|Any CPU
	EndGlobalSection
	GlobalSection(SolutionProperties) = preSolution
		HideSolutionNode = FALSE
	EndGlobalSection
	GlobalSection(ExtensibilityGlobals) = postSolution
		SolutionGuid = {0210A656-1459-48AD-9145-203C0B59ABC8}
	EndGlobalSection
EndGlobal
